
Microsoft Visual Studio Solution File, Format Version 12.00
# Visual Studio 15
VisualStudioVersion = 15.0.28307.960
MinimumVisualStudioVersion = 10.0.40219.1
Project("{FAE04EC0-301F-11D3-BF4B-00C04F79EFBC}") = "Torify", "Torify\Torify.csproj", "{6C4C8852-4A94-45C4-8F16-A42D0D6D1E5F}"
EndProject
Project("{FAE04EC0-301F-11D3-BF4B-00C04F79EFBC}") = "UnitTests", "UnitTests\UnitTests.csproj", "{F86211E3-59DC-4AE9-AFF9-6AFF19D215BB}"
EndProject
Global
	GlobalSection(SolutionConfigurationPlatforms) = preSolution
		Debug|Any CPU = Debug|Any CPU
		Release|Any CPU = Release|Any CPU
	EndGlobalSection
	GlobalSection(ProjectConfigurationPlatforms) = postSolution
		{6C4C8852-4A94-45C4-8F16-A42D0D6D1E5F}.Debug|Any CPU.ActiveCfg = Debug|Any CPU
		{6C4C8852-4A94-45C4-8F16-A42D0D6D1E5F}.Debug|Any CPU.Build.0 = Debug|Any CPU
		{6C4C8852-4A94-45C4-8F16-A42D0D6D1E5F}.Release|Any CPU.ActiveCfg = Release|Any CPU
		{6C4C8852-4A94-45C4-8F16-A42D0D6D1E5F}.Release|Any CPU.Build.0 = Release|Any CPU
		{F86211E3-59DC-4AE9-AFF9-6AFF19D215BB}.Debug|Any CPU.ActiveCfg = Debug|Any CPU
		{F86211E3-59DC-4AE9-AFF9-6AFF19D215BB}.Debug|Any CPU.Build.0 = Debug|Any CPU
		{F86211E3-59DC-4AE9-AFF9-6AFF19D215BB}.Release|Any CPU.ActiveCfg = Release|Any CPU
		{F86211E3-59DC-4AE9-AFF9-6AFF19D215BB}.Release|Any CPU.Build.0 = Release|Any CPU
	EndGlobalSection
	GlobalSection(SolutionProperties) = preSolution
		HideSolutionNode = FALSE
	EndGlobalSection
	GlobalSection(ExtensibilityGlobals) = postSolution
		SolutionGuid = {7A488D28-E86A-448E-98EA-E715ECD72194}
	EndGlobalSection
EndGlobal
